{
  "dependencies": {
    "meteor-hotload-accelerator": {
      "version": "1.0.5",
      "resolved": "https://registry.npmjs.org/meteor-hotload-accelerator/-/meteor-hotload-accelerator-1.0.5.tgz",
      "from": "meteor-hotload-accelerator@1.0.5",
      "dependencies": {
        "babel-runtime": {
          "version": "6.6.1",
          "resolved": "https://registry.npmjs.org/babel-runtime/-/babel-runtime-6.6.1.tgz",
          "from": "babel-runtime@>=6.6.1 <7.0.0",
          "dependencies": {
            "core-js": {
              "version": "2.3.0",
              "resolved": "https://registry.npmjs.org/core-js/-/core-js-2.3.0.tgz",
              "from": "core-js@>=2.1.0 <3.0.0"
            }
          }
        },
        "lodash": {
          "version": "4.11.1",
          "resolved": "https://registry.npmjs.org/lodash/-/lodash-4.11.1.tgz",
          "from": "lodash@>=4.11.1 <5.0.0"
        }
      }
    }
  }
}
